
Microsoft Visual Studio Solution File, Format Version 12.00
# Visual Studio 15
VisualStudioVersion = 15.0.27703.2042
MinimumVisualStudioVersion = 10.0.40219.1
Project("{FAE04EC0-301F-11D3-BF4B-00C04F79EFBC}") = "AppClima.Android", "AppClima\AppClima.Android\AppClima.Android.csproj", "{0B6D49A0-B11A-477B-A98E-E4EF55556B29}"
EndProject
Project("{FAE04EC0-301F-11D3-BF4B-00C04F79EFBC}") = "AppClima.iOS", "AppClima\AppClima.iOS\AppClima.iOS.csproj", "{021A49C7-8E43-4EC1-A2FE-3927B9F2856C}"
EndProject
Project("{FAE04EC0-301F-11D3-BF4B-00C04F79EFBC}") = "AppClima", "AppClima\AppClima\AppClima.csproj", "{DBA54220-16EF-45ED-B9FA-AA8ED5DEC11B}"
EndProject
Global
	GlobalSection(SolutionConfigurationPlatforms) = preSolution
		Ad-Hoc|Any CPU = Ad-Hoc|Any CPU
		Ad-Hoc|iPhone = Ad-Hoc|iPhone
		Ad-Hoc|iPhoneSimulator = Ad-Hoc|iPhoneSimulator
		AppStore|Any CPU = AppStore|Any CPU
		AppStore|iPhone = AppStore|iPhone
		AppStore|iPhoneSimulator = AppStore|iPhoneSimulator
		Debug|Any CPU = Debug|Any CPU
		Debug|iPhone = Debug|iPhone
		Debug|iPhoneSimulator = Debug|iPhoneSimulator
		Release|Any CPU = Release|Any CPU
		Release|iPhone = Release|iPhone
		Release|iPhoneSimulator = Release|iPhoneSimulator
	EndGlobalSection
	GlobalSection(ProjectConfigurationPlatforms) = postSolution
		{0B6D49A0-B11A-477B-A98E-E4EF55556B29}.Ad-Hoc|Any CPU.ActiveCfg = Release|Any CPU
		{0B6D49A0-B11A-477B-A98E-E4EF55556B29}.Ad-Hoc|Any CPU.Build.0 = Release|Any CPU
		{0B6D49A0-B11A-477B-A98E-E4EF55556B29}.Ad-Hoc|Any CPU.Deploy.0 = Release|Any CPU
		{0B6D49A0-B11A-477B-A98E-E4EF55556B29}.Ad-Hoc|iPhone.ActiveCfg = Release|Any CPU
		{0B6D49A0-B11A-477B-A98E-E4EF55556B29}.Ad-Hoc|iPhone.Build.0 = Release|Any CPU
		{0B6D49A0-B11A-477B-A98E-E4EF55556B29}.Ad-Hoc|iPhone.Deploy.0 = Release|Any CPU
		{0B6D49A0-B11A-477B-A98E-E4EF55556B29}.Ad-Hoc|iPhoneSimulator.ActiveCfg = Release|Any CPU
		{0B6D49A0-B11A-477B-A98E-E4EF55556B29}.Ad-Hoc|iPhoneSimulator.Build.0 = Release|Any CPU
		{0B6D49A0-B11A-477B-A98E-E4EF55556B29}.Ad-Hoc|iPhoneSimulator.Deploy.0 = Release|Any CPU
		{0B6D49A0-B11A-477B-A98E-E4EF55556B29}.AppStore|Any CPU.ActiveCfg = Release|Any CPU
		{0B6D49A0-B11A-477B-A98E-E4EF55556B29}.AppStore|Any CPU.Build.0 = Release|Any CPU
		{0B6D49A0-B11A-477B-A98E-E4EF55556B29}.AppStore|Any CPU.Deploy.0 = Release|Any CPU
		{0B6D49A0-B11A-477B-A98E-E4EF55556B29}.AppStore|iPhone.ActiveCfg = Release|Any CPU
		{0B6D49A0-B11A-477B-A98E-E4EF55556B29}.AppStore|iPhone.Build.0 = Release|Any CPU
		{0B6D49A0-B11A-477B-A98E-E4EF55556B29}.AppStore|iPhone.Deploy.0 = Release|Any CPU
		{0B6D49A0-B11A-477B-A98E-E4EF55556B29}.AppStore|iPhoneSimulator.ActiveCfg = Release|Any CPU
		{0B6D49A0-B11A-477B-A98E-E4EF55556B29}.AppStore|iPhoneSimulator.Build.0 = Release|Any CPU
		{0B6D49A0-B11A-477B-A98E-E4EF55556B29}.AppStore|iPhoneSimulator.Deploy.0 = Release|Any CPU
		{0B6D49A0-B11A-477B-A98E-E4EF55556B29}.Debug|Any CPU.ActiveCfg = Debug|Any CPU
		{0B6D49A0-B11A-477B-A98E-E4EF55556B29}.Debug|Any CPU.Build.0 = Debug|Any CPU
		{0B6D49A0-B11A-477B-A98E-E4EF55556B29}.Debug|Any CPU.Deploy.0 = Debug|Any CPU
		{0B6D49A0-B11A-477B-A98E-E4EF55556B29}.Debug|iPhone.ActiveCfg = Debug|Any CPU
		{0B6D49A0-B11A-477B-A98E-E4EF55556B29}.Debug|iPhone.Build.0 = Debug|Any CPU
		{0B6D49A0-B11A-477B-A98E-E4EF55556B29}.Debug|iPhone.Deploy.0 = Debug|Any CPU
		{0B6D49A0-B11A-477B-A98E-E4EF55556B29}.Debug|iPhoneSimulator.ActiveCfg = Debug|Any CPU
		{0B6D49A0-B11A-477B-A98E-E4EF55556B29}.Debug|iPhoneSimulator.Build.0 = Debug|Any CPU
		{0B6D49A0-B11A-477B-A98E-E4EF55556B29}.Debug|iPhoneSimulator.Deploy.0 = Debug|Any CPU
		{0B6D49A0-B11A-477B-A98E-E4EF55556B29}.Release|Any CPU.ActiveCfg = Release|Any CPU
		{0B6D49A0-B11A-477B-A98E-E4EF55556B29}.Release|Any CPU.Build.0 = Release|Any CPU
		{0B6D49A0-B11A-477B-A98E-E4EF55556B29}.Release|Any CPU.Deploy.0 = Release|Any CPU
		{0B6D49A0-B11A-477B-A98E-E4EF55556B29}.Release|iPhone.ActiveCfg = Release|Any CPU
		{0B6D49A0-B11A-477B-A98E-E4EF55556B29}.Release|iPhone.Build.0 = Release|Any CPU
		{0B6D49A0-B11A-477B-A98E-E4EF55556B29}.Release|iPhone.Deploy.0 = Release|Any CPU
		{0B6D49A0-B11A-477B-A98E-E4EF55556B29}.Release|iPhoneSimulator.ActiveCfg = Release|Any CPU
		{0B6D49A0-B11A-477B-A98E-E4EF55556B29}.Release|iPhoneSimulator.Build.0 = Release|Any CPU
		{0B6D49A0-B11A-477B-A98E-E4EF55556B29}.Release|iPhoneSimulator.Deploy.0 = Release|Any CPU
		{021A49C7-8E43-4EC1-A2FE-3927B9F2856C}.Ad-Hoc|Any CPU.ActiveCfg = Ad-Hoc|iPhone
		{021A49C7-8E43-4EC1-A2FE-3927B9F2856C}.Ad-Hoc|Any CPU.Build.0 = Ad-Hoc|iPhone
		{021A49C7-8E43-4EC1-A2FE-3927B9F2856C}.Ad-Hoc|Any CPU.Deploy.0 = Ad-Hoc|iPhone
		{021A49C7-8E43-4EC1-A2FE-3927B9F2856C}.Ad-Hoc|iPhone.ActiveCfg = Ad-Hoc|iPhone
		{021A49C7-8E43-4EC1-A2FE-3927B9F2856C}.Ad-Hoc|iPhone.Build.0 = Ad-Hoc|iPhone
		{021A49C7-8E43-4EC1-A2FE-3927B9F2856C}.Ad-Hoc|iPhone.Deploy.0 = Ad-Hoc|iPhone
		{021A49C7-8E43-4EC1-A2FE-3927B9F2856C}.Ad-Hoc|iPhoneSimulator.ActiveCfg = Ad-Hoc|iPhoneSimulator
		{021A49C7-8E43-4EC1-A2FE-3927B9F2856C}.Ad-Hoc|iPhoneSimulator.Build.0 = Ad-Hoc|iPhoneSimulator
		{021A49C7-8E43-4EC1-A2FE-3927B9F2856C}.Ad-Hoc|iPhoneSimulator.Deploy.0 = Ad-Hoc|iPhoneSimulator
		{021A49C7-8E43-4EC1-A2FE-3927B9F2856C}.AppStore|Any CPU.ActiveCfg = AppStore|iPhone
		{021A49C7-8E43-4EC1-A2FE-3927B9F2856C}.AppStore|Any CPU.Build.0 = AppStore|iPhone
		{021A49C7-8E43-4EC1-A2FE-3927B9F2856C}.AppStore|Any CPU.Deploy.0 = AppStore|iPhone
		{021A49C7-8E43-4EC1-A2FE-3927B9F2856C}.AppStore|iPhone.ActiveCfg = AppStore|iPhone
		{021A49C7-8E43-4EC1-A2FE-3927B9F2856C}.AppStore|iPhone.Build.0 = AppStore|iPhone
		{021A49C7-8E43-4EC1-A2FE-3927B9F2856C}.AppStore|iPhone.Deploy.0 = AppStore|iPhone
		{021A49C7-8E43-4EC1-A2FE-3927B9F2856C}.AppStore|iPhoneSimulator.ActiveCfg = AppStore|iPhoneSimulator
		{021A49C7-8E43-4EC1-A2FE-3927B9F2856C}.AppStore|iPhoneSimulator.Build.0 = AppStore|iPhoneSimulator
		{021A49C7-8E43-4EC1-A2FE-3927B9F2856C}.AppStore|iPhoneSimulator.Deploy.0 = AppStore|iPhoneSimulator
		{021A49C7-8E43-4EC1-A2FE-3927B9F2856C}.Debug|Any CPU.ActiveCfg = Debug|iPhoneSimulator
		{021A49C7-8E43-4EC1-A2FE-3927B9F2856C}.Debug|Any CPU.Build.0 = Debug|iPhoneSimulator
		{021A49C7-8E43-4EC1-A2FE-3927B9F2856C}.Debug|Any CPU.Deploy.0 = Debug|iPhoneSimulator
		{021A49C7-8E43-4EC1-A2FE-3927B9F2856C}.Debug|iPhone.ActiveCfg = Debug|iPhone
		{021A49C7-8E43-4EC1-A2FE-3927B9F2856C}.Debug|iPhone.Build.0 = Debug|iPhone
		{021A49C7-8E43-4EC1-A2FE-3927B9F2856C}.Debug|iPhone.Deploy.0 = Debug|iPhone
		{021A49C7-8E43-4EC1-A2FE-3927B9F2856C}.Debug|iPhoneSimulator.ActiveCfg = Debug|iPhoneSimulator
		{021A49C7-8E43-4EC1-A2FE-3927B9F2856C}.Debug|iPhoneSimulator.Build.0 = Debug|iPhoneSimulator
		{021A49C7-8E43-4EC1-A2FE-3927B9F2856C}.Debug|iPhoneSimulator.Deploy.0 = Debug|iPhoneSimulator
		{021A49C7-8E43-4EC1-A2FE-3927B9F2856C}.Release|Any CPU.ActiveCfg = Release|iPhone
		{021A49C7-8E43-4EC1-A2FE-3927B9F2856C}.Release|Any CPU.Build.0 = Release|iPhone
		{021A49C7-8E43-4EC1-A2FE-3927B9F2856C}.Release|Any CPU.Deploy.0 = Release|iPhone
		{021A49C7-8E43-4EC1-A2FE-3927B9F2856C}.Release|iPhone.ActiveCfg = Release|iPhone
		{021A49C7-8E43-4EC1-A2FE-3927B9F2856C}.Release|iPhone.Build.0 = Release|iPhone
		{021A49C7-8E43-4EC1-A2FE-3927B9F2856C}.Release|iPhone.Deploy.0 = Release|iPhone
		{021A49C7-8E43-4EC1-A2FE-3927B9F2856C}.Release|iPhoneSimulator.ActiveCfg = Release|iPhoneSimulator
		{021A49C7-8E43-4EC1-A2FE-3927B9F2856C}.Release|iPhoneSimulator.Build.0 = Release|iPhoneSimulator
		{021A49C7-8E43-4EC1-A2FE-3927B9F2856C}.Release|iPhoneSimulator.Deploy.0 = Release|iPhoneSimulator
		{DBA54220-16EF-45ED-B9FA-AA8ED5DEC11B}.Ad-Hoc|Any CPU.ActiveCfg = Debug|Any CPU
		{DBA54220-16EF-45ED-B9FA-AA8ED5DEC11B}.Ad-Hoc|Any CPU.Build.0 = Debug|Any CPU
		{DBA54220-16EF-45ED-B9FA-AA8ED5DEC11B}.Ad-Hoc|Any CPU.Deploy.0 = Debug|Any CPU
		{DBA54220-16EF-45ED-B9FA-AA8ED5DEC11B}.Ad-Hoc|iPhone.ActiveCfg = Debug|Any CPU
		{DBA54220-16EF-45ED-B9FA-AA8ED5DEC11B}.Ad-Hoc|iPhone.Build.0 = Debug|Any CPU
		{DBA54220-16EF-45ED-B9FA-AA8ED5DEC11B}.Ad-Hoc|iPhone.Deploy.0 = Debug|Any CPU
		{DBA54220-16EF-45ED-B9FA-AA8ED5DEC11B}.Ad-Hoc|iPhoneSimulator.ActiveCfg = Debug|Any CPU
		{DBA54220-16EF-45ED-B9FA-AA8ED5DEC11B}.Ad-Hoc|iPhoneSimulator.Build.0 = Debug|Any CPU
		{DBA54220-16EF-45ED-B9FA-AA8ED5DEC11B}.Ad-Hoc|iPhoneSimulator.Deploy.0 = Debug|Any CPU
		{DBA54220-16EF-45ED-B9FA-AA8ED5DEC11B}.AppStore|Any CPU.ActiveCfg = Debug|Any CPU
		{DBA54220-16EF-45ED-B9FA-AA8ED5DEC11B}.AppStore|Any CPU.Build.0 = Debug|Any CPU
		{DBA54220-16EF-45ED-B9FA-AA8ED5DEC11B}.AppStore|Any CPU.Deploy.0 = Debug|Any CPU
		{DBA54220-16EF-45ED-B9FA-AA8ED5DEC11B}.AppStore|iPhone.ActiveCfg = Debug|Any CPU
		{DBA54220-16EF-45ED-B9FA-AA8ED5DEC11B}.AppStore|iPhone.Build.0 = Debug|Any CPU
		{DBA54220-16EF-45ED-B9FA-AA8ED5DEC11B}.AppStore|iPhone.Deploy.0 = Debug|Any CPU
		{DBA54220-16EF-45ED-B9FA-AA8ED5DEC11B}.AppStore|iPhoneSimulator.ActiveCfg = Debug|Any CPU
		{DBA54220-16EF-45ED-B9FA-AA8ED5DEC11B}.AppStore|iPhoneSimulator.Build.0 = Debug|Any CPU
		{DBA54220-16EF-45ED-B9FA-AA8ED5DEC11B}.AppStore|iPhoneSimulator.Deploy.0 = Debug|Any CPU
		{DBA54220-16EF-45ED-B9FA-AA8ED5DEC11B}.Debug|Any CPU.ActiveCfg = Debug|Any CPU
		{DBA54220-16EF-45ED-B9FA-AA8ED5DEC11B}.Debug|Any CPU.Build.0 = Debug|Any CPU
		{DBA54220-16EF-45ED-B9FA-AA8ED5DEC11B}.Debug|Any CPU.Deploy.0 = Debug|Any CPU
		{DBA54220-16EF-45ED-B9FA-AA8ED5DEC11B}.Debug|iPhone.ActiveCfg = Debug|Any CPU
		{DBA54220-16EF-45ED-B9FA-AA8ED5DEC11B}.Debug|iPhone.Build.0 = Debug|Any CPU
		{DBA54220-16EF-45ED-B9FA-AA8ED5DEC11B}.Debug|iPhone.Deploy.0 = Debug|Any CPU
		{DBA54220-16EF-45ED-B9FA-AA8ED5DEC11B}.Debug|iPhoneSimulator.ActiveCfg = Debug|Any CPU
		{DBA54220-16EF-45ED-B9FA-AA8ED5DEC11B}.Debug|iPhoneSimulator.Build.0 = Debug|Any CPU
		{DBA54220-16EF-45ED-B9FA-AA8ED5DEC11B}.Debug|iPhoneSimulator.Deploy.0 = Debug|Any CPU
		{DBA54220-16EF-45ED-B9FA-AA8ED5DEC11B}.Release|Any CPU.ActiveCfg = Release|Any CPU
		{DBA54220-16EF-45ED-B9FA-AA8ED5DEC11B}.Release|Any CPU.Build.0 = Release|Any CPU
		{DBA54220-16EF-45ED-B9FA-AA8ED5DEC11B}.Release|Any CPU.Deploy.0 = Release|Any CPU
		{DBA54220-16EF-45ED-B9FA-AA8ED5DEC11B}.Release|iPhone.ActiveCfg = Release|Any CPU
		{DBA54220-16EF-45ED-B9FA-AA8ED5DEC11B}.Release|iPhone.Build.0 = Release|Any CPU
		{DBA54220-16EF-45ED-B9FA-AA8ED5DEC11B}.Release|iPhone.Deploy.0 = Release|Any CPU
		{DBA54220-16EF-45ED-B9FA-AA8ED5DEC11B}.Release|iPhoneSimulator.ActiveCfg = Release|Any CPU
		{DBA54220-16EF-45ED-B9FA-AA8ED5DEC11B}.Release|iPhoneSimulator.Build.0 = Release|Any CPU
		{DBA54220-16EF-45ED-B9FA-AA8ED5DEC11B}.Release|iPhoneSimulator.Deploy.0 = Release|Any CPU
	EndGlobalSection
	GlobalSection(SolutionProperties) = preSolution
		HideSolutionNode = FALSE
	EndGlobalSection
	GlobalSection(ExtensibilityGlobals) = postSolution
		SolutionGuid = {5AC7C477-C62D-4990-9304-2F247925E1D9}
	EndGlobalSection
EndGlobal
